{
  "name": "song-master",
  "lockfileVersion": 3,
  "requires": true,
  "packages": {
    "": {
      "dependencies": {
        "@types/diff": "^8.0.0",
        "diff": "^8.0.2"
      }
    },
    "node_modules/@types/diff": {
      "version": "8.0.0",
      "resolved": "https://registry.npmjs.org/@types/diff/-/diff-8.0.0.tgz",
      "integrity": "sha512-o7jqJM04gfaYrdCecCVMbZhNdG6T1MHg/oQoRFdERLV+4d+V7FijhiEAbFu0Usww84Yijk9yH58U4Jk4HbtzZw==",
      "deprecated": "This is a stub types definition. diff provides its own type definitions, so you do not need this installed.",
      "dependencies": {
        "diff": "*"
      }
    },
    "node_modules/diff": {
      "version": "8.0.2",
      "resolved": "https://registry.npmjs.org/diff/-/diff-8.0.2.tgz",
      "integrity": "sha512-sSuxWU5j5SR9QQji/o2qMvqRNYRDOcBTgsJ/DeCf4iSN4gW+gNMXM7wFIP+fdXZxoNiAnHUTGjCr+TSWXdRDKg==",
      "engines": {
        "node": ">=0.3.1"
      }
    }
  }
}
